<?xml version="1.0" encoding="utf-8"?>
<Project ToolsVersion="17.0" xmlns="http://schemas.microsoft.com/developer/msbuild/2003">
  <ItemGroup>
    <ClCompile Include="D:\Dev\CPPTestProject\AsteroidsSDL\src\entities\Entity.cpp">
      <Filter>Source Files</Filter>
    </ClCompile>
    <ClCompile Include="D:\Dev\CPPTestProject\AsteroidsSDL\src\entities\asteroid.cpp">
      <Filter>Source Files</Filter>
    </ClCompile>
    <ClCompile Include="D:\Dev\CPPTestProject\AsteroidsSDL\src\entities\env\parallax_renderer.cpp">
      <Filter>Source Files</Filter>
    </ClCompile>
    <ClCompile Include="D:\Dev\CPPTestProject\AsteroidsSDL\src\entities\env\thrust_renderer.cpp">
      <Filter>Source Files</Filter>
    </ClCompile>
    <ClCompile Include="D:\Dev\CPPTestProject\AsteroidsSDL\src\entities\ship.cpp">
      <Filter>Source Files</Filter>
    </ClCompile>
    <ClCompile Include="D:\Dev\CPPTestProject\AsteroidsSDL\src\main.cpp">
      <Filter>Source Files</Filter>
    </ClCompile>
    <ClCompile Include="D:\Dev\CPPTestProject\AsteroidsSDL\src\math\polygon_math.cpp">
      <Filter>Source Files</Filter>
    </ClCompile>
    <ClCompile Include="D:\Dev\CPPTestProject\AsteroidsSDL\src\settings.cpp">
      <Filter>Source Files</Filter>
    </ClCompile>
    <ClCompile Include="D:\Dev\CPPTestProject\AsteroidsSDL\src\window\camera.cpp">
      <Filter>Source Files</Filter>
    </ClCompile>
    <ClCompile Include="D:\Dev\CPPTestProject\AsteroidsSDL\src\window\render_window.cpp">
      <Filter>Source Files</Filter>
    </ClCompile>
    <ClCompile Include="D:\Dev\CPPTestProject\AsteroidsSDL\src\window\ui.cpp">
      <Filter>Source Files</Filter>
    </ClCompile>
  </ItemGroup>
  <ItemGroup>
    <ClInclude Include="D:\Dev\CPPTestProject\AsteroidsSDL\src\entities\Entity.h">
      <Filter>Header Files</Filter>
    </ClInclude>
    <ClInclude Include="D:\Dev\CPPTestProject\AsteroidsSDL\src\entities\EntityManager.h">
      <Filter>Header Files</Filter>
    </ClInclude>
    <ClInclude Include="D:\Dev\CPPTestProject\AsteroidsSDL\src\entities\asteroid.h">
      <Filter>Header Files</Filter>
    </ClInclude>
    <ClInclude Include="D:\Dev\CPPTestProject\AsteroidsSDL\src\entities\env\parallax_renderer.h">
      <Filter>Header Files</Filter>
    </ClInclude>
    <ClInclude Include="D:\Dev\CPPTestProject\AsteroidsSDL\src\entities\env\thrust_renderer.h">
      <Filter>Header Files</Filter>
    </ClInclude>
    <ClInclude Include="D:\Dev\CPPTestProject\AsteroidsSDL\src\entities\ship.h">
      <Filter>Header Files</Filter>
    </ClInclude>
    <ClInclude Include="D:\Dev\CPPTestProject\AsteroidsSDL\src\main.h">
      <Filter>Header Files</Filter>
    </ClInclude>
    <ClInclude Include="D:\Dev\CPPTestProject\AsteroidsSDL\src\settings.h">
      <Filter>Header Files</Filter>
    </ClInclude>
    <ClInclude Include="D:\Dev\CPPTestProject\AsteroidsSDL\src\window\RenderWindow.h">
      <Filter>Header Files</Filter>
    </ClInclude>
    <ClInclude Include="D:\Dev\CPPTestProject\AsteroidsSDL\src\window\camera.h">
      <Filter>Header Files</Filter>
    </ClInclude>
    <ClInclude Include="D:\Dev\CPPTestProject\AsteroidsSDL\src\window\ui.h">
      <Filter>Header Files</Filter>
    </ClInclude>
  </ItemGroup>
  <ItemGroup>
    <CustomBuild Include="D:\Dev\CPPTestProject\AsteroidsSDL\src\CMakeLists.txt" />
  </ItemGroup>
  <ItemGroup>
    <Filter Include="Header Files">
      <UniqueIdentifier>{73C69890-1BEA-3641-A33E-5924D2014670}</UniqueIdentifier>
    </Filter>
    <Filter Include="Source Files">
      <UniqueIdentifier>{A9140765-1308-3424-8B7E-EDA9359CA78F}</UniqueIdentifier>
    </Filter>
  </ItemGroup>
</Project>
