<?xml version="1.0" encoding="utf-8"?>
<Project ToolsVersion="17.0" xmlns="http://schemas.microsoft.com/developer/msbuild/2003">
  <ItemGroup>
    <CustomBuild Include="D:\Dev\CPPTestProject\AsteroidsSDL\CMakeFiles\cc6936f8592064efb6d344ab9962bb54\PACKAGE_force.rule">
      <Filter>CMake Rules</Filter>
    </CustomBuild>
  </ItemGroup>
  <ItemGroup>
    <Filter Include="CMake Rules">
      <UniqueIdentifier>{0D4457E7-86AA-34D4-99AB-0EE159EEEFBA}</UniqueIdentifier>
    </Filter>
  </ItemGroup>
</Project>
